
Microsoft Visual Studio Solution File, Format Version 11.00
# Visual Studio 2010
Project("{FAE04EC0-301F-11D3-BF4B-00C04F79EFBC}") = "WsdlImport", "WsdlImport.csproj", "{487E3B29-2A6B-429C-94B1-0D3B24C08D1D}"
EndProject
Project("{FAE04EC0-301F-11D3-BF4B-00C04F79EFBC}") = "MetadataTests", "..\..\mono\mcs\class\System.ServiceModel\Test\MetadataTests\MetadataTests.csproj", "{7731D464-5152-4A1B-AACB-6B5A7CA9ACAA}"
EndProject
Global
	GlobalSection(SolutionConfigurationPlatforms) = preSolution
		Debug|x86 = Debug|x86
		Release|x86 = Release|x86
	EndGlobalSection
	GlobalSection(ProjectConfigurationPlatforms) = postSolution
		{487E3B29-2A6B-429C-94B1-0D3B24C08D1D}.Debug|x86.ActiveCfg = Debug|x86
		{487E3B29-2A6B-429C-94B1-0D3B24C08D1D}.Debug|x86.Build.0 = Debug|x86
		{487E3B29-2A6B-429C-94B1-0D3B24C08D1D}.Release|x86.ActiveCfg = Release|x86
		{487E3B29-2A6B-429C-94B1-0D3B24C08D1D}.Release|x86.Build.0 = Release|x86
		{7731D464-5152-4A1B-AACB-6B5A7CA9ACAA}.Debug|x86.ActiveCfg = Debug|Any CPU
		{7731D464-5152-4A1B-AACB-6B5A7CA9ACAA}.Debug|x86.Build.0 = Debug|Any CPU
		{7731D464-5152-4A1B-AACB-6B5A7CA9ACAA}.Release|x86.ActiveCfg = Release|Any CPU
		{7731D464-5152-4A1B-AACB-6B5A7CA9ACAA}.Release|x86.Build.0 = Release|Any CPU
	EndGlobalSection
	GlobalSection(MonoDevelopProperties) = preSolution
		StartupItem = WsdlImport.csproj
	EndGlobalSection
EndGlobal
