// !$*UTF8*$!
{
	archiveVersion = 1;
	classes = {
	};
	objectVersion = 46;
	objects = {

/* Begin PBXBuildFile section */
		5B749B381655012300465FB6 /* Cocoa.framework in Frameworks */ = {isa = PBXBuildFile; fileRef = 5B749B371655012300465FB6 /* Cocoa.framework */; };
		5B749B421655012300465FB6 /* InfoPlist.strings in Resources */ = {isa = PBXBuildFile; fileRef = 5B749B401655012300465FB6 /* InfoPlist.strings */; };
		5B749B441655012300465FB6 /* main.m in Sources */ = {isa = PBXBuildFile; fileRef = 5B749B431655012300465FB6 /* main.m */; };
		5B749B481655012300465FB6 /* Credits.rtf in Resources */ = {isa = PBXBuildFile; fileRef = 5B749B461655012300465FB6 /* Credits.rtf */; };
		5B749B4B1655012300465FB6 /* AppDelegate.m in Sources */ = {isa = PBXBuildFile; fileRef = 5B749B4A1655012300465FB6 /* AppDelegate.m */; };
		5B749B4E1655012300465FB6 /* MainMenu.xib in Resources */ = {isa = PBXBuildFile; fileRef = 5B749B4C1655012300465FB6 /* MainMenu.xib */; };
		5B749B551655025600465FB6 /* Neptune.jpg in Resources */ = {isa = PBXBuildFile; fileRef = 5B749B541655025600465FB6 /* Neptune.jpg */; };
/* End PBXBuildFile section */

/* Begin PBXFileReference section */
		5B749B331655012300465FB6 /* NativeTestApp.app */ = {isa = PBXFileReference; explicitFileType = wrapper.application; includeInIndex = 0; path = NativeTestApp.app; sourceTree = BUILT_PRODUCTS_DIR; };
		5B749B371655012300465FB6 /* Cocoa.framework */ = {isa = PBXFileReference; lastKnownFileType = wrapper.framework; name = Cocoa.framework; path = System/Library/Frameworks/Cocoa.framework; sourceTree = SDKROOT; };
		5B749B3A1655012300465FB6 /* AppKit.framework */ = {isa = PBXFileReference; lastKnownFileType = wrapper.framework; name = AppKit.framework; path = System/Library/Frameworks/AppKit.framework; sourceTree = SDKROOT; };
		5B749B3B1655012300465FB6 /* CoreData.framework */ = {isa = PBXFileReference; lastKnownFileType = wrapper.framework; name = CoreData.framework; path = System/Library/Frameworks/CoreData.framework; sourceTree = SDKROOT; };
		5B749B3C1655012300465FB6 /* Foundation.framework */ = {isa = PBXFileReference; lastKnownFileType = wrapper.framework; name = Foundation.framework; path = System/Library/Frameworks/Foundation.framework; sourceTree = SDKROOT; };
		5B749B3F1655012300465FB6 /* NativeTestApp-Info.plist */ = {isa = PBXFileReference; lastKnownFileType = text.plist.xml; path = "NativeTestApp-Info.plist"; sourceTree = "<group>"; };
		5B749B411655012300465FB6 /* en */ = {isa = PBXFileReference; lastKnownFileType = text.plist.strings; name = en; path = en.lproj/InfoPlist.strings; sourceTree = "<group>"; };
		5B749B431655012300465FB6 /* main.m */ = {isa = PBXFileReference; lastKnownFileType = sourcecode.c.objc; path = main.m; sourceTree = "<group>"; };
		5B749B451655012300465FB6 /* NativeTestApp-Prefix.pch */ = {isa = PBXFileReference; lastKnownFileType = sourcecode.c.h; path = "NativeTestApp-Prefix.pch"; sourceTree = "<group>"; };
		5B749B471655012300465FB6 /* en */ = {isa = PBXFileReference; lastKnownFileType = text.rtf; name = en; path = en.lproj/Credits.rtf; sourceTree = "<group>"; };
		5B749B491655012300465FB6 /* AppDelegate.h */ = {isa = PBXFileReference; lastKnownFileType = sourcecode.c.h; path = AppDelegate.h; sourceTree = "<group>"; };
		5B749B4A1655012300465FB6 /* AppDelegate.m */ = {isa = PBXFileReference; lastKnownFileType = sourcecode.c.objc; path = AppDelegate.m; sourceTree = "<group>"; };
		5B749B4D1655012300465FB6 /* en */ = {isa = PBXFileReference; lastKnownFileType = file.xib; name = en; path = en.lproj/MainMenu.xib; sourceTree = "<group>"; };
		5B749B541655025600465FB6 /* Neptune.jpg */ = {isa = PBXFileReference; lastKnownFileType = image.jpeg; path = Neptune.jpg; sourceTree = "<group>"; };
/* End PBXFileReference section */

/* Begin PBXFrameworksBuildPhase section */
		5B749B301655012300465FB6 /* Frameworks */ = {
			isa = PBXFrameworksBuildPhase;
			buildActionMask = 2147483647;
			files = (
				5B749B381655012300465FB6 /* Cocoa.framework in Frameworks */,
			);
			runOnlyForDeploymentPostprocessing = 0;
		};
/* End PBXFrameworksBuildPhase section */

/* Begin PBXGroup section */
		5B749B281655012300465FB6 = {
			isa = PBXGroup;
			children = (
				5B749B3D1655012300465FB6 /* NativeTestApp */,
				5B749B361655012300465FB6 /* Frameworks */,
				5B749B341655012300465FB6 /* Products */,
			);
			sourceTree = "<group>";
		};
		5B749B341655012300465FB6 /* Products */ = {
			isa = PBXGroup;
			children = (
				5B749B331655012300465FB6 /* NativeTestApp.app */,
			);
			name = Products;
			sourceTree = "<group>";
		};
		5B749B361655012300465FB6 /* Frameworks */ = {
			isa = PBXGroup;
			children = (
				5B749B371655012300465FB6 /* Cocoa.framework */,
				5B749B391655012300465FB6 /* Other Frameworks */,
			);
			name = Frameworks;
			sourceTree = "<group>";
		};
		5B749B391655012300465FB6 /* Other Frameworks */ = {
			isa = PBXGroup;
			children = (
				5B749B3A1655012300465FB6 /* AppKit.framework */,
				5B749B3B1655012300465FB6 /* CoreData.framework */,
				5B749B3C1655012300465FB6 /* Foundation.framework */,
			);
			name = "Other Frameworks";
			sourceTree = "<group>";
		};
		5B749B3D1655012300465FB6 /* NativeTestApp */ = {
			isa = PBXGroup;
			children = (
				5B749B541655025600465FB6 /* Neptune.jpg */,
				5B749B491655012300465FB6 /* AppDelegate.h */,
				5B749B4A1655012300465FB6 /* AppDelegate.m */,
				5B749B4C1655012300465FB6 /* MainMenu.xib */,
				5B749B3E1655012300465FB6 /* Supporting Files */,
			);
			path = NativeTestApp;
			sourceTree = "<group>";
		};
		5B749B3E1655012300465FB6 /* Supporting Files */ = {
			isa = PBXGroup;
			children = (
				5B749B3F1655012300465FB6 /* NativeTestApp-Info.plist */,
				5B749B401655012300465FB6 /* InfoPlist.strings */,
				5B749B431655012300465FB6 /* main.m */,
				5B749B451655012300465FB6 /* NativeTestApp-Prefix.pch */,
				5B749B461655012300465FB6 /* Credits.rtf */,
			);
			name = "Supporting Files";
			sourceTree = "<group>";
		};
/* End PBXGroup section */

/* Begin PBXNativeTarget section */
		5B749B321655012300465FB6 /* NativeTestApp */ = {
			isa = PBXNativeTarget;
			buildConfigurationList = 5B749B511655012300465FB6 /* Build configuration list for PBXNativeTarget "NativeTestApp" */;
			buildPhases = (
				5B749B2F1655012300465FB6 /* Sources */,
				5B749B301655012300465FB6 /* Frameworks */,
				5B749B311655012300465FB6 /* Resources */,
			);
			buildRules = (
			);
			dependencies = (
			);
			name = NativeTestApp;
			productName = NativeTestApp;
			productReference = 5B749B331655012300465FB6 /* NativeTestApp.app */;
			productType = "com.apple.product-type.application";
		};
/* End PBXNativeTarget section */

/* Begin PBXProject section */
		5B749B2A1655012300465FB6 /* Project object */ = {
			isa = PBXProject;
			attributes = {
				LastUpgradeCheck = 0450;
				ORGANIZATIONNAME = Xamarin;
			};
			buildConfigurationList = 5B749B2D1655012300465FB6 /* Build configuration list for PBXProject "NativeTestApp" */;
			compatibilityVersion = "Xcode 3.2";
			developmentRegion = English;
			hasScannedForEncodings = 0;
			knownRegions = (
				en,
			);
			mainGroup = 5B749B281655012300465FB6;
			productRefGroup = 5B749B341655012300465FB6 /* Products */;
			projectDirPath = "";
			projectRoot = "";
			targets = (
				5B749B321655012300465FB6 /* NativeTestApp */,
			);
		};
/* End PBXProject section */

/* Begin PBXResourcesBuildPhase section */
		5B749B311655012300465FB6 /* Resources */ = {
			isa = PBXResourcesBuildPhase;
			buildActionMask = 2147483647;
			files = (
				5B749B421655012300465FB6 /* InfoPlist.strings in Resources */,
				5B749B481655012300465FB6 /* Credits.rtf in Resources */,
				5B749B4E1655012300465FB6 /* MainMenu.xib in Resources */,
				5B749B551655025600465FB6 /* Neptune.jpg in Resources */,
			);
			runOnlyForDeploymentPostprocessing = 0;
		};
/* End PBXResourcesBuildPhase section */

/* Begin PBXSourcesBuildPhase section */
		5B749B2F1655012300465FB6 /* Sources */ = {
			isa = PBXSourcesBuildPhase;
			buildActionMask = 2147483647;
			files = (
				5B749B441655012300465FB6 /* main.m in Sources */,
				5B749B4B1655012300465FB6 /* AppDelegate.m in Sources */,
			);
			runOnlyForDeploymentPostprocessing = 0;
		};
/* End PBXSourcesBuildPhase section */

/* Begin PBXVariantGroup section */
		5B749B401655012300465FB6 /* InfoPlist.strings */ = {
			isa = PBXVariantGroup;
			children = (
				5B749B411655012300465FB6 /* en */,
			);
			name = InfoPlist.strings;
			sourceTree = "<group>";
		};
		5B749B461655012300465FB6 /* Credits.rtf */ = {
			isa = PBXVariantGroup;
			children = (
				5B749B471655012300465FB6 /* en */,
			);
			name = Credits.rtf;
			sourceTree = "<group>";
		};
		5B749B4C1655012300465FB6 /* MainMenu.xib */ = {
			isa = PBXVariantGroup;
			children = (
				5B749B4D1655012300465FB6 /* en */,
			);
			name = MainMenu.xib;
			sourceTree = "<group>";
		};
/* End PBXVariantGroup section */

/* Begin XCBuildConfiguration section */
		5B749B4F1655012300465FB6 /* Debug */ = {
			isa = XCBuildConfiguration;
			buildSettings = {
				ALWAYS_SEARCH_USER_PATHS = NO;
				ARCHS = "$(ARCHS_STANDARD_64_BIT)";
				CLANG_CXX_LANGUAGE_STANDARD = "gnu++0x";
				CLANG_CXX_LIBRARY = "libc++";
				CLANG_WARN_EMPTY_BODY = YES;
				CLANG_WARN__DUPLICATE_METHOD_MATCH = YES;
				COPY_PHASE_STRIP = NO;
				GCC_C_LANGUAGE_STANDARD = gnu99;
				GCC_DYNAMIC_NO_PIC = NO;
				GCC_ENABLE_OBJC_EXCEPTIONS = YES;
				GCC_OPTIMIZATION_LEVEL = 0;
				GCC_PREPROCESSOR_DEFINITIONS = (
					"DEBUG=1",
					"$(inherited)",
				);
				GCC_SYMBOLS_PRIVATE_EXTERN = NO;
				GCC_WARN_64_TO_32_BIT_CONVERSION = YES;
				GCC_WARN_ABOUT_RETURN_TYPE = YES;
				GCC_WARN_UNINITIALIZED_AUTOS = YES;
				GCC_WARN_UNUSED_VARIABLE = YES;
				MACOSX_DEPLOYMENT_TARGET = 10.8;
				ONLY_ACTIVE_ARCH = YES;
				SDKROOT = macosx;
			};
			name = Debug;
		};
		5B749B501655012300465FB6 /* Release */ = {
			isa = XCBuildConfiguration;
			buildSettings = {
				ALWAYS_SEARCH_USER_PATHS = NO;
				ARCHS = "$(ARCHS_STANDARD_64_BIT)";
				CLANG_CXX_LANGUAGE_STANDARD = "gnu++0x";
				CLANG_CXX_LIBRARY = "libc++";
				CLANG_WARN_EMPTY_BODY = YES;
				CLANG_WARN__DUPLICATE_METHOD_MATCH = YES;
				COPY_PHASE_STRIP = YES;
				DEBUG_INFORMATION_FORMAT = "dwarf-with-dsym";
				GCC_C_LANGUAGE_STANDARD = gnu99;
				GCC_ENABLE_OBJC_EXCEPTIONS = YES;
				GCC_WARN_64_TO_32_BIT_CONVERSION = YES;
				GCC_WARN_ABOUT_RETURN_TYPE = YES;
				GCC_WARN_UNINITIALIZED_AUTOS = YES;
				GCC_WARN_UNUSED_VARIABLE = YES;
				MACOSX_DEPLOYMENT_TARGET = 10.8;
				SDKROOT = macosx;
			};
			name = Release;
		};
		5B749B521655012300465FB6 /* Debug */ = {
			isa = XCBuildConfiguration;
			buildSettings = {
				COMBINE_HIDPI_IMAGES = YES;
				GCC_PRECOMPILE_PREFIX_HEADER = YES;
				GCC_PREFIX_HEADER = "NativeTestApp/NativeTestApp-Prefix.pch";
				INFOPLIST_FILE = "NativeTestApp/NativeTestApp-Info.plist";
				PRODUCT_NAME = "$(TARGET_NAME)";
				WRAPPER_EXTENSION = app;
			};
			name = Debug;
		};
		5B749B531655012300465FB6 /* Release */ = {
			isa = XCBuildConfiguration;
			buildSettings = {
				COMBINE_HIDPI_IMAGES = YES;
				GCC_PRECOMPILE_PREFIX_HEADER = YES;
				GCC_PREFIX_HEADER = "NativeTestApp/NativeTestApp-Prefix.pch";
				INFOPLIST_FILE = "NativeTestApp/NativeTestApp-Info.plist";
				PRODUCT_NAME = "$(TARGET_NAME)";
				WRAPPER_EXTENSION = app;
			};
			name = Release;
		};
/* End XCBuildConfiguration section */

/* Begin XCConfigurationList section */
		5B749B2D1655012300465FB6 /* Build configuration list for PBXProject "NativeTestApp" */ = {
			isa = XCConfigurationList;
			buildConfigurations = (
				5B749B4F1655012300465FB6 /* Debug */,
				5B749B501655012300465FB6 /* Release */,
			);
			defaultConfigurationIsVisible = 0;
			defaultConfigurationName = Release;
		};
		5B749B511655012300465FB6 /* Build configuration list for PBXNativeTarget "NativeTestApp" */ = {
			isa = XCConfigurationList;
			buildConfigurations = (
				5B749B521655012300465FB6 /* Debug */,
				5B749B531655012300465FB6 /* Release */,
			);
			defaultConfigurationIsVisible = 0;
		};
/* End XCConfigurationList section */
	};
	rootObject = 5B749B2A1655012300465FB6 /* Project object */;
}
