
Microsoft Visual Studio Solution File, Format Version 12.00
# Visual Studio Express 2012 for Web
Project("{FAE04EC0-301F-11D3-BF4B-00C04F79EFBC}") = "TestAuthentication", "TestAuthentication\TestAuthentication.csproj", "{B36CA5E4-0765-4819-838F-31F3EB22FEF9}"
EndProject
Project("{FAE04EC0-301F-11D3-BF4B-00C04F79EFBC}") = "Client", "Client\Client.csproj", "{EED0D9AC-4653-4C74-AA51-3470E0CD14EC}"
EndProject
Global
	GlobalSection(SolutionConfigurationPlatforms) = preSolution
		Debug|Any CPU = Debug|Any CPU
		Release|Any CPU = Release|Any CPU
	EndGlobalSection
	GlobalSection(ProjectConfigurationPlatforms) = postSolution
		{B36CA5E4-0765-4819-838F-31F3EB22FEF9}.Debug|Any CPU.ActiveCfg = Debug|Any CPU
		{B36CA5E4-0765-4819-838F-31F3EB22FEF9}.Debug|Any CPU.Build.0 = Debug|Any CPU
		{B36CA5E4-0765-4819-838F-31F3EB22FEF9}.Release|Any CPU.ActiveCfg = Release|Any CPU
		{B36CA5E4-0765-4819-838F-31F3EB22FEF9}.Release|Any CPU.Build.0 = Release|Any CPU
		{EED0D9AC-4653-4C74-AA51-3470E0CD14EC}.Debug|Any CPU.ActiveCfg = Debug|Any CPU
		{EED0D9AC-4653-4C74-AA51-3470E0CD14EC}.Debug|Any CPU.Build.0 = Debug|Any CPU
		{EED0D9AC-4653-4C74-AA51-3470E0CD14EC}.Release|Any CPU.ActiveCfg = Release|Any CPU
		{EED0D9AC-4653-4C74-AA51-3470E0CD14EC}.Release|Any CPU.Build.0 = Release|Any CPU
	EndGlobalSection
	GlobalSection(SolutionProperties) = preSolution
		HideSolutionNode = FALSE
	EndGlobalSection
EndGlobal
